
Microsoft Visual Studio Solution File, Format Version 12.00
# Visual Studio 15
VisualStudioVersion = 15.0.26403.7
MinimumVisualStudioVersion = 10.0.40219.1
Project("{2150E333-8FDC-42A3-9474-1A3956D46DE8}") = "src", "src", "{6C237181-D3E5-474C-9D35-446126536EBD}"
EndProject
Project("{2150E333-8FDC-42A3-9474-1A3956D46DE8}") = "Solution Items", "Solution Items", "{E3578B4A-D7B8-45DE-B445-0DDAB09D285D}"
EndProject
Project("{9A19103F-16F7-4668-BE54-9A1E7A4F7556}") = "FBP", "src\FBP\FBP.csproj", "{AA29FC13-4420-435C-B254-E8E2B33ED1D4}"
EndProject
Global
	GlobalSection(SolutionConfigurationPlatforms) = preSolution
		Debug|Any CPU = Debug|Any CPU
		Release|Any CPU = Release|Any CPU
	EndGlobalSection
	GlobalSection(ProjectConfigurationPlatforms) = postSolution
		{AA29FC13-4420-435C-B254-E8E2B33ED1D4}.Debug|Any CPU.ActiveCfg = Debug|Any CPU
		{AA29FC13-4420-435C-B254-E8E2B33ED1D4}.Debug|Any CPU.Build.0 = Debug|Any CPU
		{AA29FC13-4420-435C-B254-E8E2B33ED1D4}.Release|Any CPU.ActiveCfg = Release|Any CPU
		{AA29FC13-4420-435C-B254-E8E2B33ED1D4}.Release|Any CPU.Build.0 = Release|Any CPU
	EndGlobalSection
	GlobalSection(SolutionProperties) = preSolution
		HideSolutionNode = FALSE
	EndGlobalSection
	GlobalSection(NestedProjects) = preSolution
		{AA29FC13-4420-435C-B254-E8E2B33ED1D4} = {6C237181-D3E5-474C-9D35-446126536EBD}
	EndGlobalSection
EndGlobal
